
Microsoft Visual Studio Solution File, Format Version 12.00
# Visual Studio Version 17
VisualStudioVersion = 17.9.34728.123
MinimumVisualStudioVersion = 10.0.40219.1
Project("{FAE04EC0-301F-11D3-BF4B-00C04F79EFBC}") = "Polimorfismo", "Polimorfismo.csproj", "{B09AE92F-A853-47FA-832B-875ECF255EBE}"
EndProject
Global
	GlobalSection(SolutionConfigurationPlatforms) = preSolution
		Debug|Any CPU = Debug|Any CPU
		Release|Any CPU = Release|Any CPU
	EndGlobalSection
	GlobalSection(ProjectConfigurationPlatforms) = postSolution
		{B09AE92F-A853-47FA-832B-875ECF255EBE}.Debug|Any CPU.ActiveCfg = Debug|Any CPU
		{B09AE92F-A853-47FA-832B-875ECF255EBE}.Debug|Any CPU.Build.0 = Debug|Any CPU
		{B09AE92F-A853-47FA-832B-875ECF255EBE}.Release|Any CPU.ActiveCfg = Release|Any CPU
		{B09AE92F-A853-47FA-832B-875ECF255EBE}.Release|Any CPU.Build.0 = Release|Any CPU
	EndGlobalSection
	GlobalSection(SolutionProperties) = preSolution
		HideSolutionNode = FALSE
	EndGlobalSection
	GlobalSection(ExtensibilityGlobals) = postSolution
		SolutionGuid = {B466D8E9-C07B-495E-89F2-5ADA320E838F}
	EndGlobalSection
EndGlobal
